// !$*UTF8*$!
{
	archiveVersion = 1;
	classes = {
	};
	objectVersion = 56;
	objects = {

/* Begin PBXBuildFile section */
		EB22BBE42D314A27003BEFDF /* WelcomeView.swift in Sources */ = {isa = PBXBuildFile; fileRef = EB22BBE32D314A27003BEFDF /* WelcomeView.swift */; };
		EB26AB172D414814000289CA /* ErrorBanner.swift in Sources */ = {isa = PBXBuildFile; fileRef = EB26AB162D414814000289CA /* ErrorBanner.swift */; };
		EB3034B42D41296B005A227B /* ToggleRow.swift in Sources */ = {isa = PBXBuildFile; fileRef = EB3034B32D41296B005A227B /* ToggleRow.swift */; };
		EB3034B62D4129B9005A227B /* InfoRow.swift in Sources */ = {isa = PBXBuildFile; fileRef = EB3034B52D4129B9005A227B /* InfoRow.swift */; };
		EB3034B82D413395005A227B /* AccountInfoCard.swift in Sources */ = {isa = PBXBuildFile; fileRef = EB3034B72D413395005A227B /* AccountInfoCard.swift */; };
		EB3034BA2D4133D1005A227B /* DeliveryLineViewModel.State.swift in Sources */ = {isa = PBXBuildFile; fileRef = EB3034B92D4133D1005A227B /* DeliveryLineViewModel.State.swift */; };
		EB3034BD2D41340F005A227B /* ErrorView.swift in Sources */ = {isa = PBXBuildFile; fileRef = EB3034BC2D41340F005A227B /* ErrorView.swift */; };
		EB3034C02D413453005A227B /* DetailRow.swift in Sources */ = {isa = PBXBuildFile; fileRef = EB3034BF2D413453005A227B /* DetailRow.swift */; };
		EB3034C22D41347C005A227B /* DeliveryInfoCard.swift in Sources */ = {isa = PBXBuildFile; fileRef = EB3034C12D41347C005A227B /* DeliveryInfoCard.swift */; };
		EB3034C42D4134CD005A227B /* DeliveryCard.swift in Sources */ = {isa = PBXBuildFile; fileRef = EB3034C32D4134CD005A227B /* DeliveryCard.swift */; };
		EB3034D82D41531A005A227B /* Simulator Screenshot - iPhone 15 Pro - 2025-01-22 at 17.19.40.png in Resources */ = {isa = PBXBuildFile; fileRef = EB3034C82D41531A005A227B /* Simulator Screenshot - iPhone 15 Pro - 2025-01-22 at 17.19.40.png */; };
		EB3034D92D41531A005A227B /* Simulator Screenshot - iPhone 15 Pro - 2025-01-22 at 17.20.48.png in Resources */ = {isa = PBXBuildFile; fileRef = EB3034C92D41531A005A227B /* Simulator Screenshot - iPhone 15 Pro - 2025-01-22 at 17.20.48.png */; };
		EB3034DA2D41531A005A227B /* Simulator Screenshot - iPhone 15 Pro - 2025-01-22 at 17.20.41.png in Resources */ = {isa = PBXBuildFile; fileRef = EB3034CA2D41531A005A227B /* Simulator Screenshot - iPhone 15 Pro - 2025-01-22 at 17.20.41.png */; };
		EB3034DB2D41531A005A227B /* Simulator Screenshot - iPhone 15 Pro - 2025-01-22 at 17.19.29.png in Resources */ = {isa = PBXBuildFile; fileRef = EB3034CB2D41531A005A227B /* Simulator Screenshot - iPhone 15 Pro - 2025-01-22 at 17.19.29.png */; };
		EB3034DC2D41531A005A227B /* Simulator Screenshot - iPhone 15 Pro - 2025-01-22 at 17.20.07.png in Resources */ = {isa = PBXBuildFile; fileRef = EB3034CC2D41531A005A227B /* Simulator Screenshot - iPhone 15 Pro - 2025-01-22 at 17.20.07.png */; };
		EB3034DD2D41531A005A227B /* Simulator Screenshot - iPhone 15 Pro - 2025-01-22 at 17.20.29.png in Resources */ = {isa = PBXBuildFile; fileRef = EB3034CD2D41531A005A227B /* Simulator Screenshot - iPhone 15 Pro - 2025-01-22 at 17.20.29.png */; };
		EB3034DE2D41531A005A227B /* Simulator Screenshot - iPhone 15 Pro - 2025-01-22 at 17.22.59.png in Resources */ = {isa = PBXBuildFile; fileRef = EB3034CE2D41531A005A227B /* Simulator Screenshot - iPhone 15 Pro - 2025-01-22 at 17.22.59.png */; };
		EB3034DF2D41531A005A227B /* Simulator Screenshot - iPhone 15 Pro - 2025-01-22 at 17.23.30.png in Resources */ = {isa = PBXBuildFile; fileRef = EB3034CF2D41531A005A227B /* Simulator Screenshot - iPhone 15 Pro - 2025-01-22 at 17.23.30.png */; };
		EB3034E02D41531A005A227B /* Simulator Screenshot - iPhone 15 Pro - 2025-01-22 at 17.23.23.png in Resources */ = {isa = PBXBuildFile; fileRef = EB3034D02D41531A005A227B /* Simulator Screenshot - iPhone 15 Pro - 2025-01-22 at 17.23.23.png */; };
		EB3034E12D41531A005A227B /* Simulator Screenshot - iPhone 15 Pro - 2025-01-22 at 17.20.55.png in Resources */ = {isa = PBXBuildFile; fileRef = EB3034D12D41531A005A227B /* Simulator Screenshot - iPhone 15 Pro - 2025-01-22 at 17.20.55.png */; };
		EB3034E22D41531A005A227B /* Simulator Screenshot - iPhone 15 Pro - 2025-01-22 at 17.18.44.png in Resources */ = {isa = PBXBuildFile; fileRef = EB3034D22D41531A005A227B /* Simulator Screenshot - iPhone 15 Pro - 2025-01-22 at 17.18.44.png */; };
		EB3034E32D41531A005A227B /* Simulator Screenshot - iPhone 15 Pro - 2025-01-22 at 17.20.22.png in Resources */ = {isa = PBXBuildFile; fileRef = EB3034D32D41531A005A227B /* Simulator Screenshot - iPhone 15 Pro - 2025-01-22 at 17.20.22.png */; };
		EB3034E42D41531A005A227B /* Simulator Screenshot - iPhone 15 Pro - 2025-01-22 at 17.23.10.png in Resources */ = {isa = PBXBuildFile; fileRef = EB3034D42D41531A005A227B /* Simulator Screenshot - iPhone 15 Pro - 2025-01-22 at 17.23.10.png */; };
		EB3034E52D41531A005A227B /* Simulator Screenshot - iPhone 15 Pro - 2025-01-22 at 17.19.51.png in Resources */ = {isa = PBXBuildFile; fileRef = EB3034D52D41531A005A227B /* Simulator Screenshot - iPhone 15 Pro - 2025-01-22 at 17.19.51.png */; };
		EB3034E62D41531A005A227B /* Login.png in Resources */ = {isa = PBXBuildFile; fileRef = EB3034D62D41531A005A227B /* Login.png */; };
		EB3034E72D41531A005A227B /* Simulator Screenshot - iPhone 15 Pro - 2025-01-22 at 17.23.15.png in Resources */ = {isa = PBXBuildFile; fileRef = EB3034D72D41531A005A227B /* Simulator Screenshot - iPhone 15 Pro - 2025-01-22 at 17.23.15.png */; };
		EB310CA62D2ECDEE00576E86 /* LoginView.swift in Sources */ = {isa = PBXBuildFile; fileRef = EB310CA52D2ECDEE00576E86 /* LoginView.swift */; };
		EB310CA82D2ECF7E00576E86 /* ContentView.swift in Sources */ = {isa = PBXBuildFile; fileRef = EB310CA72D2ECF7E00576E86 /* ContentView.swift */; };
		EB310CAD2D2ED6C200576E86 /* WaveShape.swift in Sources */ = {isa = PBXBuildFile; fileRef = EB310CAC2D2ED6C200576E86 /* WaveShape.swift */; };
		EB310CB12D2ED74700576E86 /* ModernTextField.swift in Sources */ = {isa = PBXBuildFile; fileRef = EB310CB02D2ED74700576E86 /* ModernTextField.swift */; };
		EB310CB42D2ED81500576E86 /* Color.swift in Sources */ = {isa = PBXBuildFile; fileRef = EB310CB32D2ED81500576E86 /* Color.swift */; };
		EB310CB62D2EDBD600576E86 /* AnimatedWaves.swift in Sources */ = {isa = PBXBuildFile; fileRef = EB310CB52D2EDBD600576E86 /* AnimatedWaves.swift */; };
		EB60BF742D3FC71B003DAC56 /* FilterButtonDeliveries.swift in Sources */ = {isa = PBXBuildFile; fileRef = EB60BF732D3FC71B003DAC56 /* FilterButtonDeliveries.swift */; };
		EB60BF772D3FE291003DAC56 /* SingleDeliveryView.swift in Sources */ = {isa = PBXBuildFile; fileRef = EB60BF762D3FE291003DAC56 /* SingleDeliveryView.swift */; };
		EB60BF7D2D3FF5FE003DAC56 /* DeliveryLineViewModel.swift in Sources */ = {isa = PBXBuildFile; fileRef = EB60BF7C2D3FF5FE003DAC56 /* DeliveryLineViewModel.swift */; };
		EBA354BE2D09E5BC000DA5FC /* Assets.xcassets in Resources */ = {isa = PBXBuildFile; fileRef = EBA354BD2D09E5BC000DA5FC /* Assets.xcassets */; };
		EBAE600D2D3FBA5200CB448F /* FilterButton.swift in Sources */ = {isa = PBXBuildFile; fileRef = EBAE600C2D3FBA5200CB448F /* FilterButton.swift */; };
		EBAE600F2D3FBA9B00CB448F /* DriverCard.swift in Sources */ = {isa = PBXBuildFile; fileRef = EBAE600E2D3FBA9B00CB448F /* DriverCard.swift */; };
		EBAE60112D3FBACC00CB448F /* StatBadge.swift in Sources */ = {isa = PBXBuildFile; fileRef = EBAE60102D3FBACC00CB448F /* StatBadge.swift */; };
		EBAE60132D3FE52900CB448F /* DriverCartCard.swift in Sources */ = {isa = PBXBuildFile; fileRef = EBAE60122D3FE52900CB448F /* DriverCartCard.swift */; };
		EBB3D4D52D2D1CCD005B1495 /* Preview Assets.xcassets in Resources */ = {isa = PBXBuildFile; fileRef = EBB3D4D32D2D1CCD005B1495 /* Preview Assets.xcassets */; };
		EBB3D4D92D2D55D9005B1495 /* CartViewModel.swift in Sources */ = {isa = PBXBuildFile; fileRef = EBB3D4D82D2D55D9005B1495 /* CartViewModel.swift */; };
		EBCEDB4A2D2D1AD6003422ED /* DeliveryViewModel.swift in Sources */ = {isa = PBXBuildFile; fileRef = EBCEDB352D2D1AD6003422ED /* DeliveryViewModel.swift */; };
		EBCEDB4B2D2D1AD6003422ED /* DriverViewModel.swift in Sources */ = {isa = PBXBuildFile; fileRef = EBCEDB362D2D1AD6003422ED /* DriverViewModel.swift */; };
		EBCEDB4C2D2D1AD6003422ED /* UserViewModel.swift in Sources */ = {isa = PBXBuildFile; fileRef = EBCEDB372D2D1AD6003422ED /* UserViewModel.swift */; };
		EBCEDB4D2D2D1AD6003422ED /* APIService.swift in Sources */ = {isa = PBXBuildFile; fileRef = EBCEDB392D2D1AD6003422ED /* APIService.swift */; };
		EBCEDB4E2D2D1AD6003422ED /* Delivery.swift in Sources */ = {isa = PBXBuildFile; fileRef = EBCEDB3B2D2D1AD6003422ED /* Delivery.swift */; };
		EBCEDB4F2D2D1AD6003422ED /* Driver.swift in Sources */ = {isa = PBXBuildFile; fileRef = EBCEDB3C2D2D1AD6003422ED /* Driver.swift */; };
		EBCEDB502D2D1AD6003422ED /* User.swift in Sources */ = {isa = PBXBuildFile; fileRef = EBCEDB3D2D2D1AD6003422ED /* User.swift */; };
		EBCEDB522D2D1AD6003422ED /* AccountView.swift in Sources */ = {isa = PBXBuildFile; fileRef = EBCEDB402D2D1AD6003422ED /* AccountView.swift */; };
		EBCEDB532D2D1AD6003422ED /* CartView.swift in Sources */ = {isa = PBXBuildFile; fileRef = EBCEDB412D2D1AD6003422ED /* CartView.swift */; };
		EBCEDB542D2D1AD6003422ED /* DeliveryView.swift in Sources */ = {isa = PBXBuildFile; fileRef = EBCEDB422D2D1AD6003422ED /* DeliveryView.swift */; };
		EBCEDB552D2D1AD6003422ED /* DriversView.swift in Sources */ = {isa = PBXBuildFile; fileRef = EBCEDB432D2D1AD6003422ED /* DriversView.swift */; };
		EBCEDB562D2D1AD6003422ED /* HomeTabView.swift in Sources */ = {isa = PBXBuildFile; fileRef = EBCEDB442D2D1AD6003422ED /* HomeTabView.swift */; };
		EBCEDB572D2D1AD6003422ED /* SingleDriverView.swift in Sources */ = {isa = PBXBuildFile; fileRef = EBCEDB452D2D1AD6003422ED /* SingleDriverView.swift */; };
		EBCEDB592D2D1AD6003422ED /* UberUberApp.swift in Sources */ = {isa = PBXBuildFile; fileRef = EBCEDB492D2D1AD6003422ED /* UberUberApp.swift */; };
/* End PBXBuildFile section */

/* Begin PBXFileReference section */
		EB22BBE32D314A27003BEFDF /* WelcomeView.swift */ = {isa = PBXFileReference; lastKnownFileType = sourcecode.swift; path = WelcomeView.swift; sourceTree = "<group>"; };
		EB26AB162D414814000289CA /* ErrorBanner.swift */ = {isa = PBXFileReference; lastKnownFileType = sourcecode.swift; path = ErrorBanner.swift; sourceTree = "<group>"; };
		EB3034B32D41296B005A227B /* ToggleRow.swift */ = {isa = PBXFileReference; lastKnownFileType = sourcecode.swift; path = ToggleRow.swift; sourceTree = "<group>"; };
		EB3034B52D4129B9005A227B /* InfoRow.swift */ = {isa = PBXFileReference; lastKnownFileType = sourcecode.swift; path = InfoRow.swift; sourceTree = "<group>"; };
		EB3034B72D413395005A227B /* AccountInfoCard.swift */ = {isa = PBXFileReference; lastKnownFileType = sourcecode.swift; path = AccountInfoCard.swift; sourceTree = "<group>"; };
		EB3034B92D4133D1005A227B /* DeliveryLineViewModel.State.swift */ = {isa = PBXFileReference; lastKnownFileType = sourcecode.swift; path = DeliveryLineViewModel.State.swift; sourceTree = "<group>"; };
		EB3034BC2D41340F005A227B /* ErrorView.swift */ = {isa = PBXFileReference; lastKnownFileType = sourcecode.swift; path = ErrorView.swift; sourceTree = "<group>"; };
		EB3034BF2D413453005A227B /* DetailRow.swift */ = {isa = PBXFileReference; lastKnownFileType = sourcecode.swift; path = DetailRow.swift; sourceTree = "<group>"; };
		EB3034C12D41347C005A227B /* DeliveryInfoCard.swift */ = {isa = PBXFileReference; lastKnownFileType = sourcecode.swift; path = DeliveryInfoCard.swift; sourceTree = "<group>"; };
		EB3034C32D4134CD005A227B /* DeliveryCard.swift */ = {isa = PBXFileReference; lastKnownFileType = sourcecode.swift; path = DeliveryCard.swift; sourceTree = "<group>"; };
		EB3034C82D41531A005A227B /* Simulator Screenshot - iPhone 15 Pro - 2025-01-22 at 17.19.40.png */ = {isa = PBXFileReference; lastKnownFileType = image.png; path = "Simulator Screenshot - iPhone 15 Pro - 2025-01-22 at 17.19.40.png"; sourceTree = "<group>"; };
		EB3034C92D41531A005A227B /* Simulator Screenshot - iPhone 15 Pro - 2025-01-22 at 17.20.48.png */ = {isa = PBXFileReference; lastKnownFileType = image.png; path = "Simulator Screenshot - iPhone 15 Pro - 2025-01-22 at 17.20.48.png"; sourceTree = "<group>"; };
		EB3034CA2D41531A005A227B /* Simulator Screenshot - iPhone 15 Pro - 2025-01-22 at 17.20.41.png */ = {isa = PBXFileReference; lastKnownFileType = image.png; path = "Simulator Screenshot - iPhone 15 Pro - 2025-01-22 at 17.20.41.png"; sourceTree = "<group>"; };
		EB3034CB2D41531A005A227B /* Simulator Screenshot - iPhone 15 Pro - 2025-01-22 at 17.19.29.png */ = {isa = PBXFileReference; lastKnownFileType = image.png; path = "Simulator Screenshot - iPhone 15 Pro - 2025-01-22 at 17.19.29.png"; sourceTree = "<group>"; };
		EB3034CC2D41531A005A227B /* Simulator Screenshot - iPhone 15 Pro - 2025-01-22 at 17.20.07.png */ = {isa = PBXFileReference; lastKnownFileType = image.png; path = "Simulator Screenshot - iPhone 15 Pro - 2025-01-22 at 17.20.07.png"; sourceTree = "<group>"; };
		EB3034CD2D41531A005A227B /* Simulator Screenshot - iPhone 15 Pro - 2025-01-22 at 17.20.29.png */ = {isa = PBXFileReference; lastKnownFileType = image.png; path = "Simulator Screenshot - iPhone 15 Pro - 2025-01-22 at 17.20.29.png"; sourceTree = "<group>"; };
		EB3034CE2D41531A005A227B /* Simulator Screenshot - iPhone 15 Pro - 2025-01-22 at 17.22.59.png */ = {isa = PBXFileReference; lastKnownFileType = image.png; path = "Simulator Screenshot - iPhone 15 Pro - 2025-01-22 at 17.22.59.png"; sourceTree = "<group>"; };
		EB3034CF2D41531A005A227B /* Simulator Screenshot - iPhone 15 Pro - 2025-01-22 at 17.23.30.png */ = {isa = PBXFileReference; lastKnownFileType = image.png; path = "Simulator Screenshot - iPhone 15 Pro - 2025-01-22 at 17.23.30.png"; sourceTree = "<group>"; };
		EB3034D02D41531A005A227B /* Simulator Screenshot - iPhone 15 Pro - 2025-01-22 at 17.23.23.png */ = {isa = PBXFileReference; lastKnownFileType = image.png; path = "Simulator Screenshot - iPhone 15 Pro - 2025-01-22 at 17.23.23.png"; sourceTree = "<group>"; };
		EB3034D12D41531A005A227B /* Simulator Screenshot - iPhone 15 Pro - 2025-01-22 at 17.20.55.png */ = {isa = PBXFileReference; lastKnownFileType = image.png; path = "Simulator Screenshot - iPhone 15 Pro - 2025-01-22 at 17.20.55.png"; sourceTree = "<group>"; };
		EB3034D22D41531A005A227B /* Simulator Screenshot - iPhone 15 Pro - 2025-01-22 at 17.18.44.png */ = {isa = PBXFileReference; lastKnownFileType = image.png; path = "Simulator Screenshot - iPhone 15 Pro - 2025-01-22 at 17.18.44.png"; sourceTree = "<group>"; };
		EB3034D32D41531A005A227B /* Simulator Screenshot - iPhone 15 Pro - 2025-01-22 at 17.20.22.png */ = {isa = PBXFileReference; lastKnownFileType = image.png; path = "Simulator Screenshot - iPhone 15 Pro - 2025-01-22 at 17.20.22.png"; sourceTree = "<group>"; };
		EB3034D42D41531A005A227B /* Simulator Screenshot - iPhone 15 Pro - 2025-01-22 at 17.23.10.png */ = {isa = PBXFileReference; lastKnownFileType = image.png; path = "Simulator Screenshot - iPhone 15 Pro - 2025-01-22 at 17.23.10.png"; sourceTree = "<group>"; };
		EB3034D52D41531A005A227B /* Simulator Screenshot - iPhone 15 Pro - 2025-01-22 at 17.19.51.png */ = {isa = PBXFileReference; lastKnownFileType = image.png; path = "Simulator Screenshot - iPhone 15 Pro - 2025-01-22 at 17.19.51.png"; sourceTree = "<group>"; };
		EB3034D62D41531A005A227B /* Login.png */ = {isa = PBXFileReference; lastKnownFileType = image.png; path = Login.png; sourceTree = "<group>"; };
		EB3034D72D41531A005A227B /* Simulator Screenshot - iPhone 15 Pro - 2025-01-22 at 17.23.15.png */ = {isa = PBXFileReference; lastKnownFileType = image.png; path = "Simulator Screenshot - iPhone 15 Pro - 2025-01-22 at 17.23.15.png"; sourceTree = "<group>"; };
		EB310CA52D2ECDEE00576E86 /* LoginView.swift */ = {isa = PBXFileReference; lastKnownFileType = sourcecode.swift; path = LoginView.swift; sourceTree = "<group>"; };
		EB310CA72D2ECF7E00576E86 /* ContentView.swift */ = {isa = PBXFileReference; lastKnownFileType = sourcecode.swift; path = ContentView.swift; sourceTree = "<group>"; };
		EB310CAC2D2ED6C200576E86 /* WaveShape.swift */ = {isa = PBXFileReference; lastKnownFileType = sourcecode.swift; path = WaveShape.swift; sourceTree = "<group>"; };
		EB310CB02D2ED74700576E86 /* ModernTextField.swift */ = {isa = PBXFileReference; lastKnownFileType = sourcecode.swift; path = ModernTextField.swift; sourceTree = "<group>"; };
		EB310CB32D2ED81500576E86 /* Color.swift */ = {isa = PBXFileReference; lastKnownFileType = sourcecode.swift; path = Color.swift; sourceTree = "<group>"; };
		EB310CB52D2EDBD600576E86 /* AnimatedWaves.swift */ = {isa = PBXFileReference; lastKnownFileType = sourcecode.swift; path = AnimatedWaves.swift; sourceTree = "<group>"; };
		EB60BF732D3FC71B003DAC56 /* FilterButtonDeliveries.swift */ = {isa = PBXFileReference; lastKnownFileType = sourcecode.swift; path = FilterButtonDeliveries.swift; sourceTree = "<group>"; };
		EB60BF762D3FE291003DAC56 /* SingleDeliveryView.swift */ = {isa = PBXFileReference; lastKnownFileType = sourcecode.swift; path = SingleDeliveryView.swift; sourceTree = "<group>"; };
		EB60BF7C2D3FF5FE003DAC56 /* DeliveryLineViewModel.swift */ = {isa = PBXFileReference; lastKnownFileType = sourcecode.swift; path = DeliveryLineViewModel.swift; sourceTree = "<group>"; };
		EBA354B62D09E5BB000DA5FC /* UberUber.app */ = {isa = PBXFileReference; explicitFileType = wrapper.application; includeInIndex = 0; path = UberUber.app; sourceTree = BUILT_PRODUCTS_DIR; };
		EBA354BD2D09E5BC000DA5FC /* Assets.xcassets */ = {isa = PBXFileReference; lastKnownFileType = folder.assetcatalog; path = Assets.xcassets; sourceTree = "<group>"; };
		EBAE600C2D3FBA5200CB448F /* FilterButton.swift */ = {isa = PBXFileReference; lastKnownFileType = sourcecode.swift; path = FilterButton.swift; sourceTree = "<group>"; };
		EBAE600E2D3FBA9B00CB448F /* DriverCard.swift */ = {isa = PBXFileReference; lastKnownFileType = sourcecode.swift; path = DriverCard.swift; sourceTree = "<group>"; };
		EBAE60102D3FBACC00CB448F /* StatBadge.swift */ = {isa = PBXFileReference; lastKnownFileType = sourcecode.swift; path = StatBadge.swift; sourceTree = "<group>"; };
		EBAE60122D3FE52900CB448F /* DriverCartCard.swift */ = {isa = PBXFileReference; lastKnownFileType = sourcecode.swift; path = DriverCartCard.swift; sourceTree = "<group>"; };
		EBB3D4D32D2D1CCD005B1495 /* Preview Assets.xcassets */ = {isa = PBXFileReference; lastKnownFileType = folder.assetcatalog; path = "Preview Assets.xcassets"; sourceTree = "<group>"; };
		EBB3D4D82D2D55D9005B1495 /* CartViewModel.swift */ = {isa = PBXFileReference; lastKnownFileType = sourcecode.swift; path = CartViewModel.swift; sourceTree = "<group>"; };
		EBCEDB352D2D1AD6003422ED /* DeliveryViewModel.swift */ = {isa = PBXFileReference; fileEncoding = 4; lastKnownFileType = sourcecode.swift; path = DeliveryViewModel.swift; sourceTree = "<group>"; };
		EBCEDB362D2D1AD6003422ED /* DriverViewModel.swift */ = {isa = PBXFileReference; fileEncoding = 4; lastKnownFileType = sourcecode.swift; path = DriverViewModel.swift; sourceTree = "<group>"; };
		EBCEDB372D2D1AD6003422ED /* UserViewModel.swift */ = {isa = PBXFileReference; fileEncoding = 4; lastKnownFileType = sourcecode.swift; path = UserViewModel.swift; sourceTree = "<group>"; };
		EBCEDB392D2D1AD6003422ED /* APIService.swift */ = {isa = PBXFileReference; fileEncoding = 4; lastKnownFileType = sourcecode.swift; path = APIService.swift; sourceTree = "<group>"; };
		EBCEDB3B2D2D1AD6003422ED /* Delivery.swift */ = {isa = PBXFileReference; fileEncoding = 4; lastKnownFileType = sourcecode.swift; path = Delivery.swift; sourceTree = "<group>"; };
		EBCEDB3C2D2D1AD6003422ED /* Driver.swift */ = {isa = PBXFileReference; fileEncoding = 4; lastKnownFileType = sourcecode.swift; path = Driver.swift; sourceTree = "<group>"; };
		EBCEDB3D2D2D1AD6003422ED /* User.swift */ = {isa = PBXFileReference; fileEncoding = 4; lastKnownFileType = sourcecode.swift; path = User.swift; sourceTree = "<group>"; };
		EBCEDB402D2D1AD6003422ED /* AccountView.swift */ = {isa = PBXFileReference; fileEncoding = 4; lastKnownFileType = sourcecode.swift; path = AccountView.swift; sourceTree = "<group>"; };
		EBCEDB412D2D1AD6003422ED /* CartView.swift */ = {isa = PBXFileReference; fileEncoding = 4; lastKnownFileType = sourcecode.swift; path = CartView.swift; sourceTree = "<group>"; };
		EBCEDB422D2D1AD6003422ED /* DeliveryView.swift */ = {isa = PBXFileReference; fileEncoding = 4; lastKnownFileType = sourcecode.swift; path = DeliveryView.swift; sourceTree = "<group>"; };
		EBCEDB432D2D1AD6003422ED /* DriversView.swift */ = {isa = PBXFileReference; fileEncoding = 4; lastKnownFileType = sourcecode.swift; path = DriversView.swift; sourceTree = "<group>"; };
		EBCEDB442D2D1AD6003422ED /* HomeTabView.swift */ = {isa = PBXFileReference; fileEncoding = 4; lastKnownFileType = sourcecode.swift; path = HomeTabView.swift; sourceTree = "<group>"; };
		EBCEDB452D2D1AD6003422ED /* SingleDriverView.swift */ = {isa = PBXFileReference; fileEncoding = 4; lastKnownFileType = sourcecode.swift; path = SingleDriverView.swift; sourceTree = "<group>"; };
		EBCEDB492D2D1AD6003422ED /* UberUberApp.swift */ = {isa = PBXFileReference; fileEncoding = 4; lastKnownFileType = sourcecode.swift; path = UberUberApp.swift; sourceTree = "<group>"; };
/* End PBXFileReference section */

/* Begin PBXFrameworksBuildPhase section */
		EBA354B32D09E5BB000DA5FC /* Frameworks */ = {
			isa = PBXFrameworksBuildPhase;
			buildActionMask = 2147483647;
			files = (
			);
			runOnlyForDeploymentPostprocessing = 0;
		};
/* End PBXFrameworksBuildPhase section */

/* Begin PBXGroup section */
		EB3034B22D412956005A227B /* Clients */ = {
			isa = PBXGroup;
			children = (
				EB3034B32D41296B005A227B /* ToggleRow.swift */,
				EB3034B52D4129B9005A227B /* InfoRow.swift */,
				EB3034B72D413395005A227B /* AccountInfoCard.swift */,
				EB26AB162D414814000289CA /* ErrorBanner.swift */,
			);
			path = Clients;
			sourceTree = "<group>";
		};
		EB3034BB2D413404005A227B /* Utils */ = {
			isa = PBXGroup;
			children = (
				EB3034BC2D41340F005A227B /* ErrorView.swift */,
			);
			path = Utils;
			sourceTree = "<group>";
		};
		EB3034BE2D413439005A227B /* Line */ = {
			isa = PBXGroup;
			children = (
			);
			path = Line;
			sourceTree = "<group>";
		};
		EB3034C52D415133005A227B /* Screenshots */ = {
			isa = PBXGroup;
			children = (
				EB3034D62D41531A005A227B /* Login.png */,
				EB3034D22D41531A005A227B /* Simulator Screenshot - iPhone 15 Pro - 2025-01-22 at 17.18.44.png */,
				EB3034CB2D41531A005A227B /* Simulator Screenshot - iPhone 15 Pro - 2025-01-22 at 17.19.29.png */,
				EB3034C82D41531A005A227B /* Simulator Screenshot - iPhone 15 Pro - 2025-01-22 at 17.19.40.png */,
				EB3034D52D41531A005A227B /* Simulator Screenshot - iPhone 15 Pro - 2025-01-22 at 17.19.51.png */,
				EB3034CC2D41531A005A227B /* Simulator Screenshot - iPhone 15 Pro - 2025-01-22 at 17.20.07.png */,
				EB3034D32D41531A005A227B /* Simulator Screenshot - iPhone 15 Pro - 2025-01-22 at 17.20.22.png */,
				EB3034CD2D41531A005A227B /* Simulator Screenshot - iPhone 15 Pro - 2025-01-22 at 17.20.29.png */,
				EB3034CA2D41531A005A227B /* Simulator Screenshot - iPhone 15 Pro - 2025-01-22 at 17.20.41.png */,
				EB3034C92D41531A005A227B /* Simulator Screenshot - iPhone 15 Pro - 2025-01-22 at 17.20.48.png */,
				EB3034D12D41531A005A227B /* Simulator Screenshot - iPhone 15 Pro - 2025-01-22 at 17.20.55.png */,
				EB3034CE2D41531A005A227B /* Simulator Screenshot - iPhone 15 Pro - 2025-01-22 at 17.22.59.png */,
				EB3034D42D41531A005A227B /* Simulator Screenshot - iPhone 15 Pro - 2025-01-22 at 17.23.10.png */,
				EB3034D72D41531A005A227B /* Simulator Screenshot - iPhone 15 Pro - 2025-01-22 at 17.23.15.png */,
				EB3034D02D41531A005A227B /* Simulator Screenshot - iPhone 15 Pro - 2025-01-22 at 17.23.23.png */,
				EB3034CF2D41531A005A227B /* Simulator Screenshot - iPhone 15 Pro - 2025-01-22 at 17.23.30.png */,
			);
			path = Screenshots;
			sourceTree = "<group>";
		};
		EB310CAB2D2ED6A400576E86 /* Components */ = {
			isa = PBXGroup;
			children = (
				EB3034BB2D413404005A227B /* Utils */,
				EB3034B22D412956005A227B /* Clients */,
				EB60BF752D3FDA2A003DAC56 /* Deliveries */,
				EBAE600B2D3FBA2700CB448F /* Drivers */,
				EB310CAC2D2ED6C200576E86 /* WaveShape.swift */,
				EB310CB02D2ED74700576E86 /* ModernTextField.swift */,
				EB310CB52D2EDBD600576E86 /* AnimatedWaves.swift */,
			);
			path = Components;
			sourceTree = "<group>";
		};
		EB310CB22D2ED7FB00576E86 /* Extensions */ = {
			isa = PBXGroup;
			children = (
				EB310CB32D2ED81500576E86 /* Color.swift */,
				EB3034B92D4133D1005A227B /* DeliveryLineViewModel.State.swift */,
			);
			path = Extensions;
			sourceTree = "<group>";
		};
		EB60BF752D3FDA2A003DAC56 /* Deliveries */ = {
			isa = PBXGroup;
			children = (
				EB3034BE2D413439005A227B /* Line */,
				EB60BF732D3FC71B003DAC56 /* FilterButtonDeliveries.swift */,
				EB3034BF2D413453005A227B /* DetailRow.swift */,
				EB3034C12D41347C005A227B /* DeliveryInfoCard.swift */,
				EB3034C32D4134CD005A227B /* DeliveryCard.swift */,
			);
			path = Deliveries;
			sourceTree = "<group>";
		};
		EBA354AD2D09E5BB000DA5FC = {
			isa = PBXGroup;
			children = (
				EBA354B82D09E5BB000DA5FC /* UberUber */,
				EBA354B72D09E5BB000DA5FC /* Products */,
			);
			sourceTree = "<group>";
		};
		EBA354B72D09E5BB000DA5FC /* Products */ = {
			isa = PBXGroup;
			children = (
				EBA354B62D09E5BB000DA5FC /* UberUber.app */,
			);
			name = Products;
			sourceTree = "<group>";
		};
		EBA354B82D09E5BB000DA5FC /* UberUber */ = {
			isa = PBXGroup;
			children = (
				EB3034C52D415133005A227B /* Screenshots */,
				EBCEDB3E2D2D1AD6003422ED /* Models */,
				EBCEDB3A2D2D1AD6003422ED /* Services */,
				EBCEDB382D2D1AD6003422ED /* ViewModels */,
				EBCEDB462D2D1AD6003422ED /* Views */,
				EBCEDB492D2D1AD6003422ED /* UberUberApp.swift */,
				EBA354BD2D09E5BC000DA5FC /* Assets.xcassets */,
				EBB3D4D42D2D1CCD005B1495 /* Preview Content */,
			);
			path = UberUber;
			sourceTree = "<group>";
		};
		EBAE600B2D3FBA2700CB448F /* Drivers */ = {
			isa = PBXGroup;
			children = (
				EBAE600C2D3FBA5200CB448F /* FilterButton.swift */,
				EBAE600E2D3FBA9B00CB448F /* DriverCard.swift */,
				EBAE60102D3FBACC00CB448F /* StatBadge.swift */,
				EBAE60122D3FE52900CB448F /* DriverCartCard.swift */,
			);
			path = Drivers;
			sourceTree = "<group>";
		};
		EBB3D4D42D2D1CCD005B1495 /* Preview Content */ = {
			isa = PBXGroup;
			children = (
				EBB3D4D32D2D1CCD005B1495 /* Preview Assets.xcassets */,
			);
			path = "Preview Content";
			sourceTree = "<group>";
		};
		EBCEDB382D2D1AD6003422ED /* ViewModels */ = {
			isa = PBXGroup;
			children = (
				EBCEDB352D2D1AD6003422ED /* DeliveryViewModel.swift */,
				EBB3D4D82D2D55D9005B1495 /* CartViewModel.swift */,
				EBCEDB362D2D1AD6003422ED /* DriverViewModel.swift */,
				EBCEDB372D2D1AD6003422ED /* UserViewModel.swift */,
				EB60BF7C2D3FF5FE003DAC56 /* DeliveryLineViewModel.swift */,
			);
			path = ViewModels;
			sourceTree = "<group>";
		};
		EBCEDB3A2D2D1AD6003422ED /* Services */ = {
			isa = PBXGroup;
			children = (
				EBCEDB392D2D1AD6003422ED /* APIService.swift */,
			);
			path = Services;
			sourceTree = "<group>";
		};
		EBCEDB3E2D2D1AD6003422ED /* Models */ = {
			isa = PBXGroup;
			children = (
				EBCEDB3B2D2D1AD6003422ED /* Delivery.swift */,
				EBCEDB3C2D2D1AD6003422ED /* Driver.swift */,
				EBCEDB3D2D2D1AD6003422ED /* User.swift */,
			);
			path = Models;
			sourceTree = "<group>";
		};
		EBCEDB462D2D1AD6003422ED /* Views */ = {
			isa = PBXGroup;
			children = (
				EB310CB22D2ED7FB00576E86 /* Extensions */,
				EB310CAB2D2ED6A400576E86 /* Components */,
				EBCEDB402D2D1AD6003422ED /* AccountView.swift */,
				EBCEDB412D2D1AD6003422ED /* CartView.swift */,
				EBCEDB422D2D1AD6003422ED /* DeliveryView.swift */,
				EB60BF762D3FE291003DAC56 /* SingleDeliveryView.swift */,
				EBCEDB432D2D1AD6003422ED /* DriversView.swift */,
				EBCEDB442D2D1AD6003422ED /* HomeTabView.swift */,
				EBCEDB452D2D1AD6003422ED /* SingleDriverView.swift */,
				EB310CA52D2ECDEE00576E86 /* LoginView.swift */,
				EB310CA72D2ECF7E00576E86 /* ContentView.swift */,
				EB22BBE32D314A27003BEFDF /* WelcomeView.swift */,
			);
			path = Views;
			sourceTree = "<group>";
		};
/* End PBXGroup section */

/* Begin PBXNativeTarget section */
		EBA354B52D09E5BB000DA5FC /* UberUber */ = {
			isa = PBXNativeTarget;
			buildConfigurationList = EBA354C42D09E5BC000DA5FC /* Build configuration list for PBXNativeTarget "UberUber" */;
			buildPhases = (
				EBA354B22D09E5BB000DA5FC /* Sources */,
				EBA354B32D09E5BB000DA5FC /* Frameworks */,
				EBA354B42D09E5BB000DA5FC /* Resources */,
			);
			buildRules = (
			);
			dependencies = (
			);
			name = UberUber;
			productName = UberUber;
			productReference = EBA354B62D09E5BB000DA5FC /* UberUber.app */;
			productType = "com.apple.product-type.application";
		};
/* End PBXNativeTarget section */

/* Begin PBXProject section */
		EBA354AE2D09E5BB000DA5FC /* Project object */ = {
			isa = PBXProject;
			attributes = {
				BuildIndependentTargetsInParallel = 1;
				LastSwiftUpdateCheck = 1540;
				LastUpgradeCheck = 1540;
				TargetAttributes = {
					EBA354B52D09E5BB000DA5FC = {
						CreatedOnToolsVersion = 15.4;
						LastSwiftMigration = 1540;
					};
				};
			};
			buildConfigurationList = EBA354B12D09E5BB000DA5FC /* Build configuration list for PBXProject "UberUber" */;
			compatibilityVersion = "Xcode 14.0";
			developmentRegion = en;
			hasScannedForEncodings = 0;
			knownRegions = (
				en,
				Base,
			);
			mainGroup = EBA354AD2D09E5BB000DA5FC;
			productRefGroup = EBA354B72D09E5BB000DA5FC /* Products */;
			projectDirPath = "";
			projectRoot = "";
			targets = (
				EBA354B52D09E5BB000DA5FC /* UberUber */,
			);
		};
/* End PBXProject section */

/* Begin PBXResourcesBuildPhase section */
		EBA354B42D09E5BB000DA5FC /* Resources */ = {
			isa = PBXResourcesBuildPhase;
			buildActionMask = 2147483647;
			files = (
				EB3034E72D41531A005A227B /* Simulator Screenshot - iPhone 15 Pro - 2025-01-22 at 17.23.15.png in Resources */,
				EB3034DB2D41531A005A227B /* Simulator Screenshot - iPhone 15 Pro - 2025-01-22 at 17.19.29.png in Resources */,
				EB3034E02D41531A005A227B /* Simulator Screenshot - iPhone 15 Pro - 2025-01-22 at 17.23.23.png in Resources */,
				EB3034E62D41531A005A227B /* Login.png in Resources */,
				EB3034DA2D41531A005A227B /* Simulator Screenshot - iPhone 15 Pro - 2025-01-22 at 17.20.41.png in Resources */,
				EB3034D82D41531A005A227B /* Simulator Screenshot - iPhone 15 Pro - 2025-01-22 at 17.19.40.png in Resources */,
				EB3034DE2D41531A005A227B /* Simulator Screenshot - iPhone 15 Pro - 2025-01-22 at 17.22.59.png in Resources */,
				EB3034E52D41531A005A227B /* Simulator Screenshot - iPhone 15 Pro - 2025-01-22 at 17.19.51.png in Resources */,
				EBB3D4D52D2D1CCD005B1495 /* Preview Assets.xcassets in Resources */,
				EB3034DD2D41531A005A227B /* Simulator Screenshot - iPhone 15 Pro - 2025-01-22 at 17.20.29.png in Resources */,
				EB3034E32D41531A005A227B /* Simulator Screenshot - iPhone 15 Pro - 2025-01-22 at 17.20.22.png in Resources */,
				EBA354BE2D09E5BC000DA5FC /* Assets.xcassets in Resources */,
				EB3034E22D41531A005A227B /* Simulator Screenshot - iPhone 15 Pro - 2025-01-22 at 17.18.44.png in Resources */,
				EB3034DF2D41531A005A227B /* Simulator Screenshot - iPhone 15 Pro - 2025-01-22 at 17.23.30.png in Resources */,
				EB3034E12D41531A005A227B /* Simulator Screenshot - iPhone 15 Pro - 2025-01-22 at 17.20.55.png in Resources */,
				EB3034E42D41531A005A227B /* Simulator Screenshot - iPhone 15 Pro - 2025-01-22 at 17.23.10.png in Resources */,
				EB3034D92D41531A005A227B /* Simulator Screenshot - iPhone 15 Pro - 2025-01-22 at 17.20.48.png in Resources */,
				EB3034DC2D41531A005A227B /* Simulator Screenshot - iPhone 15 Pro - 2025-01-22 at 17.20.07.png in Resources */,
			);
			runOnlyForDeploymentPostprocessing = 0;
		};
/* End PBXResourcesBuildPhase section */

/* Begin PBXSourcesBuildPhase section */
		EBA354B22D09E5BB000DA5FC /* Sources */ = {
			isa = PBXSourcesBuildPhase;
			buildActionMask = 2147483647;
			files = (
				EBCEDB572D2D1AD6003422ED /* SingleDriverView.swift in Sources */,
				EBCEDB592D2D1AD6003422ED /* UberUberApp.swift in Sources */,
				EB310CB42D2ED81500576E86 /* Color.swift in Sources */,
				EB3034B82D413395005A227B /* AccountInfoCard.swift in Sources */,
				EB26AB172D414814000289CA /* ErrorBanner.swift in Sources */,
				EBAE60132D3FE52900CB448F /* DriverCartCard.swift in Sources */,
				EB3034B42D41296B005A227B /* ToggleRow.swift in Sources */,
				EB310CB62D2EDBD600576E86 /* AnimatedWaves.swift in Sources */,
				EBCEDB532D2D1AD6003422ED /* CartView.swift in Sources */,
				EBCEDB4B2D2D1AD6003422ED /* DriverViewModel.swift in Sources */,
				EBCEDB4C2D2D1AD6003422ED /* UserViewModel.swift in Sources */,
				EB60BF742D3FC71B003DAC56 /* FilterButtonDeliveries.swift in Sources */,
				EBCEDB562D2D1AD6003422ED /* HomeTabView.swift in Sources */,
				EBAE60112D3FBACC00CB448F /* StatBadge.swift in Sources */,
				EBB3D4D92D2D55D9005B1495 /* CartViewModel.swift in Sources */,
				EB60BF772D3FE291003DAC56 /* SingleDeliveryView.swift in Sources */,
				EBAE600F2D3FBA9B00CB448F /* DriverCard.swift in Sources */,
				EB310CA82D2ECF7E00576E86 /* ContentView.swift in Sources */,
				EB3034B62D4129B9005A227B /* InfoRow.swift in Sources */,
				EBCEDB4D2D2D1AD6003422ED /* APIService.swift in Sources */,
				EBCEDB4F2D2D1AD6003422ED /* Driver.swift in Sources */,
				EB310CB12D2ED74700576E86 /* ModernTextField.swift in Sources */,
				EB3034BD2D41340F005A227B /* ErrorView.swift in Sources */,
				EBCEDB552D2D1AD6003422ED /* DriversView.swift in Sources */,
				EBCEDB522D2D1AD6003422ED /* AccountView.swift in Sources */,
				EBCEDB4A2D2D1AD6003422ED /* DeliveryViewModel.swift in Sources */,
				EB60BF7D2D3FF5FE003DAC56 /* DeliveryLineViewModel.swift in Sources */,
				EBCEDB4E2D2D1AD6003422ED /* Delivery.swift in Sources */,
				EB3034C22D41347C005A227B /* DeliveryInfoCard.swift in Sources */,
				EB22BBE42D314A27003BEFDF /* WelcomeView.swift in Sources */,
				EBAE600D2D3FBA5200CB448F /* FilterButton.swift in Sources */,
				EB3034BA2D4133D1005A227B /* DeliveryLineViewModel.State.swift in Sources */,
				EBCEDB542D2D1AD6003422ED /* DeliveryView.swift in Sources */,
				EB3034C02D413453005A227B /* DetailRow.swift in Sources */,
				EB310CA62D2ECDEE00576E86 /* LoginView.swift in Sources */,
				EB310CAD2D2ED6C200576E86 /* WaveShape.swift in Sources */,
				EB3034C42D4134CD005A227B /* DeliveryCard.swift in Sources */,
				EBCEDB502D2D1AD6003422ED /* User.swift in Sources */,
			);
			runOnlyForDeploymentPostprocessing = 0;
		};
/* End PBXSourcesBuildPhase section */

/* Begin XCBuildConfiguration section */
		EBA354C22D09E5BC000DA5FC /* Debug */ = {
			isa = XCBuildConfiguration;
			buildSettings = {
				ALWAYS_SEARCH_USER_PATHS = NO;
				ASSETCATALOG_COMPILER_GENERATE_SWIFT_ASSET_SYMBOL_EXTENSIONS = YES;
				CLANG_ANALYZER_NONNULL = YES;
				CLANG_ANALYZER_NUMBER_OBJECT_CONVERSION = YES_AGGRESSIVE;
				CLANG_CXX_LANGUAGE_STANDARD = "gnu++20";
				CLANG_ENABLE_MODULES = YES;
				CLANG_ENABLE_OBJC_ARC = YES;
				CLANG_ENABLE_OBJC_WEAK = YES;
				CLANG_WARN_BLOCK_CAPTURE_AUTORELEASING = YES;
				CLANG_WARN_BOOL_CONVERSION = YES;
				CLANG_WARN_COMMA = YES;
				CLANG_WARN_CONSTANT_CONVERSION = YES;
				CLANG_WARN_DEPRECATED_OBJC_IMPLEMENTATIONS = YES;
				CLANG_WARN_DIRECT_OBJC_ISA_USAGE = YES_ERROR;
				CLANG_WARN_DOCUMENTATION_COMMENTS = YES;
				CLANG_WARN_EMPTY_BODY = YES;
				CLANG_WARN_ENUM_CONVERSION = YES;
				CLANG_WARN_INFINITE_RECURSION = YES;
				CLANG_WARN_INT_CONVERSION = YES;
				CLANG_WARN_NON_LITERAL_NULL_CONVERSION = YES;
				CLANG_WARN_OBJC_IMPLICIT_RETAIN_SELF = YES;
				CLANG_WARN_OBJC_LITERAL_CONVERSION = YES;
				CLANG_WARN_OBJC_ROOT_CLASS = YES_ERROR;
				CLANG_WARN_QUOTED_INCLUDE_IN_FRAMEWORK_HEADER = YES;
				CLANG_WARN_RANGE_LOOP_ANALYSIS = YES;
				CLANG_WARN_STRICT_PROTOTYPES = YES;
				CLANG_WARN_SUSPICIOUS_MOVE = YES;
				CLANG_WARN_UNGUARDED_AVAILABILITY = YES_AGGRESSIVE;
				CLANG_WARN_UNREACHABLE_CODE = YES;
				CLANG_WARN__DUPLICATE_METHOD_MATCH = YES;
				COPY_PHASE_STRIP = NO;
				DEBUG_INFORMATION_FORMAT = dwarf;
				ENABLE_STRICT_OBJC_MSGSEND = YES;
				ENABLE_TESTABILITY = YES;
				ENABLE_USER_SCRIPT_SANDBOXING = YES;
				GCC_C_LANGUAGE_STANDARD = gnu17;
				GCC_DYNAMIC_NO_PIC = NO;
				GCC_NO_COMMON_BLOCKS = YES;
				GCC_OPTIMIZATION_LEVEL = 0;
				GCC_PREPROCESSOR_DEFINITIONS = (
					"DEBUG=1",
					"$(inherited)",
				);
				GCC_WARN_64_TO_32_BIT_CONVERSION = YES;
				GCC_WARN_ABOUT_RETURN_TYPE = YES_ERROR;
				GCC_WARN_UNDECLARED_SELECTOR = YES;
				GCC_WARN_UNINITIALIZED_AUTOS = YES_AGGRESSIVE;
				GCC_WARN_UNUSED_FUNCTION = YES;
				GCC_WARN_UNUSED_VARIABLE = YES;
				IPHONEOS_DEPLOYMENT_TARGET = 17.5;
				LOCALIZATION_PREFERS_STRING_CATALOGS = YES;
				MTL_ENABLE_DEBUG_INFO = INCLUDE_SOURCE;
				MTL_FAST_MATH = YES;
				ONLY_ACTIVE_ARCH = YES;
				SDKROOT = iphoneos;
				SWIFT_ACTIVE_COMPILATION_CONDITIONS = "DEBUG $(inherited)";
				SWIFT_OPTIMIZATION_LEVEL = "-Onone";
			};
			name = Debug;
		};
		EBA354C32D09E5BC000DA5FC /* Release */ = {
			isa = XCBuildConfiguration;
			buildSettings = {
				ALWAYS_SEARCH_USER_PATHS = NO;
				ASSETCATALOG_COMPILER_GENERATE_SWIFT_ASSET_SYMBOL_EXTENSIONS = YES;
				CLANG_ANALYZER_NONNULL = YES;
				CLANG_ANALYZER_NUMBER_OBJECT_CONVERSION = YES_AGGRESSIVE;
				CLANG_CXX_LANGUAGE_STANDARD = "gnu++20";
				CLANG_ENABLE_MODULES = YES;
				CLANG_ENABLE_OBJC_ARC = YES;
				CLANG_ENABLE_OBJC_WEAK = YES;
				CLANG_WARN_BLOCK_CAPTURE_AUTORELEASING = YES;
				CLANG_WARN_BOOL_CONVERSION = YES;
				CLANG_WARN_COMMA = YES;
				CLANG_WARN_CONSTANT_CONVERSION = YES;
				CLANG_WARN_DEPRECATED_OBJC_IMPLEMENTATIONS = YES;
				CLANG_WARN_DIRECT_OBJC_ISA_USAGE = YES_ERROR;
				CLANG_WARN_DOCUMENTATION_COMMENTS = YES;
				CLANG_WARN_EMPTY_BODY = YES;
				CLANG_WARN_ENUM_CONVERSION = YES;
				CLANG_WARN_INFINITE_RECURSION = YES;
				CLANG_WARN_INT_CONVERSION = YES;
				CLANG_WARN_NON_LITERAL_NULL_CONVERSION = YES;
				CLANG_WARN_OBJC_IMPLICIT_RETAIN_SELF = YES;
				CLANG_WARN_OBJC_LITERAL_CONVERSION = YES;
				CLANG_WARN_OBJC_ROOT_CLASS = YES_ERROR;
				CLANG_WARN_QUOTED_INCLUDE_IN_FRAMEWORK_HEADER = YES;
				CLANG_WARN_RANGE_LOOP_ANALYSIS = YES;
				CLANG_WARN_STRICT_PROTOTYPES = YES;
				CLANG_WARN_SUSPICIOUS_MOVE = YES;
				CLANG_WARN_UNGUARDED_AVAILABILITY = YES_AGGRESSIVE;
				CLANG_WARN_UNREACHABLE_CODE = YES;
				CLANG_WARN__DUPLICATE_METHOD_MATCH = YES;
				COPY_PHASE_STRIP = NO;
				DEBUG_INFORMATION_FORMAT = "dwarf-with-dsym";
				ENABLE_NS_ASSERTIONS = NO;
				ENABLE_STRICT_OBJC_MSGSEND = YES;
				ENABLE_USER_SCRIPT_SANDBOXING = YES;
				GCC_C_LANGUAGE_STANDARD = gnu17;
				GCC_NO_COMMON_BLOCKS = YES;
				GCC_WARN_64_TO_32_BIT_CONVERSION = YES;
				GCC_WARN_ABOUT_RETURN_TYPE = YES_ERROR;
				GCC_WARN_UNDECLARED_SELECTOR = YES;
				GCC_WARN_UNINITIALIZED_AUTOS = YES_AGGRESSIVE;
				GCC_WARN_UNUSED_FUNCTION = YES;
				GCC_WARN_UNUSED_VARIABLE = YES;
				IPHONEOS_DEPLOYMENT_TARGET = 17.5;
				LOCALIZATION_PREFERS_STRING_CATALOGS = YES;
				MTL_ENABLE_DEBUG_INFO = NO;
				MTL_FAST_MATH = YES;
				SDKROOT = iphoneos;
				SWIFT_COMPILATION_MODE = wholemodule;
				VALIDATE_PRODUCT = YES;
			};
			name = Release;
		};
		EBA354C52D09E5BC000DA5FC /* Debug */ = {
			isa = XCBuildConfiguration;
			buildSettings = {
				ASSETCATALOG_COMPILER_APPICON_NAME = AppIcon;
				ASSETCATALOG_COMPILER_GLOBAL_ACCENT_COLOR_NAME = AccentColor;
				CLANG_ENABLE_MODULES = YES;
				CODE_SIGN_STYLE = Automatic;
				CURRENT_PROJECT_VERSION = 1;
				DEVELOPMENT_ASSET_PATHS = "\"UberUber/Preview Content\"";
				ENABLE_PREVIEWS = YES;
				GENERATE_INFOPLIST_FILE = YES;
				INFOPLIST_KEY_UIApplicationSceneManifest_Generation = YES;
				INFOPLIST_KEY_UIApplicationSupportsIndirectInputEvents = YES;
				INFOPLIST_KEY_UILaunchScreen_Generation = YES;
				INFOPLIST_KEY_UISupportedInterfaceOrientations_iPad = "UIInterfaceOrientationPortrait UIInterfaceOrientationPortraitUpsideDown UIInterfaceOrientationLandscapeLeft UIInterfaceOrientationLandscapeRight";
				INFOPLIST_KEY_UISupportedInterfaceOrientations_iPhone = "UIInterfaceOrientationPortrait UIInterfaceOrientationLandscapeLeft UIInterfaceOrientationLandscapeRight";
				LD_RUNPATH_SEARCH_PATHS = (
					"$(inherited)",
					"@executable_path/Frameworks",
				);
				MARKETING_VERSION = 1.0;
				PRODUCT_BUNDLE_IDENTIFIER = DaNoah.UberUber;
				PRODUCT_NAME = "$(TARGET_NAME)";
				SWIFT_EMIT_LOC_STRINGS = YES;
				SWIFT_OBJC_BRIDGING_HEADER = "UberUber/UberUber-Bridging-Header.h";
				SWIFT_OPTIMIZATION_LEVEL = "-Onone";
				SWIFT_VERSION = 5.0;
				TARGETED_DEVICE_FAMILY = "1,2";
			};
			name = Debug;
		};
		EBA354C62D09E5BC000DA5FC /* Release */ = {
			isa = XCBuildConfiguration;
			buildSettings = {
				ASSETCATALOG_COMPILER_APPICON_NAME = AppIcon;
				ASSETCATALOG_COMPILER_GLOBAL_ACCENT_COLOR_NAME = AccentColor;
				CLANG_ENABLE_MODULES = YES;
				CODE_SIGN_STYLE = Automatic;
				CURRENT_PROJECT_VERSION = 1;
				DEVELOPMENT_ASSET_PATHS = "\"UberUber/Preview Content\"";
				ENABLE_PREVIEWS = YES;
				GENERATE_INFOPLIST_FILE = YES;
				INFOPLIST_KEY_UIApplicationSceneManifest_Generation = YES;
				INFOPLIST_KEY_UIApplicationSupportsIndirectInputEvents = YES;
				INFOPLIST_KEY_UILaunchScreen_Generation = YES;
				INFOPLIST_KEY_UISupportedInterfaceOrientations_iPad = "UIInterfaceOrientationPortrait UIInterfaceOrientationPortraitUpsideDown UIInterfaceOrientationLandscapeLeft UIInterfaceOrientationLandscapeRight";
				INFOPLIST_KEY_UISupportedInterfaceOrientations_iPhone = "UIInterfaceOrientationPortrait UIInterfaceOrientationLandscapeLeft UIInterfaceOrientationLandscapeRight";
				LD_RUNPATH_SEARCH_PATHS = (
					"$(inherited)",
					"@executable_path/Frameworks",
				);
				MARKETING_VERSION = 1.0;
				PRODUCT_BUNDLE_IDENTIFIER = DaNoah.UberUber;
				PRODUCT_NAME = "$(TARGET_NAME)";
				SWIFT_EMIT_LOC_STRINGS = YES;
				SWIFT_OBJC_BRIDGING_HEADER = "UberUber/UberUber-Bridging-Header.h";
				SWIFT_VERSION = 5.0;
				TARGETED_DEVICE_FAMILY = "1,2";
			};
			name = Release;
		};
/* End XCBuildConfiguration section */

/* Begin XCConfigurationList section */
		EBA354B12D09E5BB000DA5FC /* Build configuration list for PBXProject "UberUber" */ = {
			isa = XCConfigurationList;
			buildConfigurations = (
				EBA354C22D09E5BC000DA5FC /* Debug */,
				EBA354C32D09E5BC000DA5FC /* Release */,
			);
			defaultConfigurationIsVisible = 0;
			defaultConfigurationName = Release;
		};
		EBA354C42D09E5BC000DA5FC /* Build configuration list for PBXNativeTarget "UberUber" */ = {
			isa = XCConfigurationList;
			buildConfigurations = (
				EBA354C52D09E5BC000DA5FC /* Debug */,
				EBA354C62D09E5BC000DA5FC /* Release */,
			);
			defaultConfigurationIsVisible = 0;
			defaultConfigurationName = Release;
		};
/* End XCConfigurationList section */
	};
	rootObject = EBA354AE2D09E5BB000DA5FC /* Project object */;
}
